
Microsoft Visual Studio Solution File, Format Version 12.00
# Visual Studio Version 17
VisualStudioVersion = 17.4.33122.133
MinimumVisualStudioVersion = 10.0.40219.1
Project("{FAE04EC0-301F-11D3-BF4B-00C04F79EFBC}") = "RESTAPI", "RESTAPI\RESTAPI.csproj", "{B75FF179-E4F8-477B-AEED-683B4AA4136B}"
EndProject
Global
	GlobalSection(SolutionConfigurationPlatforms) = preSolution
		Debug|Any CPU = Debug|Any CPU
		Release|Any CPU = Release|Any CPU
	EndGlobalSection
	GlobalSection(ProjectConfigurationPlatforms) = postSolution
		{B75FF179-E4F8-477B-AEED-683B4AA4136B}.Debug|Any CPU.ActiveCfg = Debug|Any CPU
		{B75FF179-E4F8-477B-AEED-683B4AA4136B}.Debug|Any CPU.Build.0 = Debug|Any CPU
		{B75FF179-E4F8-477B-AEED-683B4AA4136B}.Release|Any CPU.ActiveCfg = Release|Any CPU
		{B75FF179-E4F8-477B-AEED-683B4AA4136B}.Release|Any CPU.Build.0 = Release|Any CPU
	EndGlobalSection
	GlobalSection(SolutionProperties) = preSolution
		HideSolutionNode = FALSE
	EndGlobalSection
	GlobalSection(ExtensibilityGlobals) = postSolution
		SolutionGuid = {82120C80-5A7A-41E8-B4DC-6BBA06221512}
	EndGlobalSection
EndGlobal
